// !$*UTF8*$!
{
	archiveVersion = 1;
	classes = {
	};
	objectVersion = 50;
	objects = {

/* Begin PBXBuildFile section */
		268428E0222AE94500F7A1C0 /* AppDelegate.swift in Sources */ = {isa = PBXBuildFile; fileRef = 268428DF222AE94500F7A1C0 /* AppDelegate.swift */; };
		268428E2222AE94500F7A1C0 /* MoviesVC.swift in Sources */ = {isa = PBXBuildFile; fileRef = 268428E1222AE94500F7A1C0 /* MoviesVC.swift */; };
		268428E5222AE94500F7A1C0 /* Main.storyboard in Resources */ = {isa = PBXBuildFile; fileRef = 268428E3222AE94500F7A1C0 /* Main.storyboard */; };
		268428E7222AE94600F7A1C0 /* Assets.xcassets in Resources */ = {isa = PBXBuildFile; fileRef = 268428E6222AE94600F7A1C0 /* Assets.xcassets */; };
		268428EA222AE94600F7A1C0 /* LaunchScreen.storyboard in Resources */ = {isa = PBXBuildFile; fileRef = 268428E8222AE94600F7A1C0 /* LaunchScreen.storyboard */; };
		268428F3222AECC400F7A1C0 /* MovieTVC.xib in Resources */ = {isa = PBXBuildFile; fileRef = 268428F1222AECC300F7A1C0 /* MovieTVC.xib */; };
		268428F4222AECC400F7A1C0 /* MovieTVC.swift in Sources */ = {isa = PBXBuildFile; fileRef = 268428F2222AECC400F7A1C0 /* MovieTVC.swift */; };
		268428FC222AF43E00F7A1C0 /* MoviesVC+TableView.swift in Sources */ = {isa = PBXBuildFile; fileRef = 268428FB222AF43E00F7A1C0 /* MoviesVC+TableView.swift */; };
		26842900222C163400F7A1C0 /* Webservice.swift in Sources */ = {isa = PBXBuildFile; fileRef = 268428FF222C163400F7A1C0 /* Webservice.swift */; };
		26842904222C188C00F7A1C0 /* MoviesInteractor.swift in Sources */ = {isa = PBXBuildFile; fileRef = 26842903222C188C00F7A1C0 /* MoviesInteractor.swift */; };
		26842906222C194B00F7A1C0 /* Constant.swift in Sources */ = {isa = PBXBuildFile; fileRef = 26842905222C194B00F7A1C0 /* Constant.swift */; };
		26842908222C201C00F7A1C0 /* MoviesVCPresenter.swift in Sources */ = {isa = PBXBuildFile; fileRef = 26842907222C201C00F7A1C0 /* MoviesVCPresenter.swift */; };
		2684290A222C21D100F7A1C0 /* MoviesVC+PresenterDelegate.swift in Sources */ = {isa = PBXBuildFile; fileRef = 26842909222C21D100F7A1C0 /* MoviesVC+PresenterDelegate.swift */; };
		2684290C222C27EC00F7A1C0 /* MovieTVC+PresenterDelegate.swift in Sources */ = {isa = PBXBuildFile; fileRef = 2684290B222C27EC00F7A1C0 /* MovieTVC+PresenterDelegate.swift */; };
		2684290E222C311900F7A1C0 /* MoviesVCRouter.swift in Sources */ = {isa = PBXBuildFile; fileRef = 2684290D222C311900F7A1C0 /* MoviesVCRouter.swift */; };
		26842915222D994D00F7A1C0 /* Movie.swift in Sources */ = {isa = PBXBuildFile; fileRef = 26842914222D994D00F7A1C0 /* Movie.swift */; };
		26842917222D9AF000F7A1C0 /* DiscoverMovieJSON.swift in Sources */ = {isa = PBXBuildFile; fileRef = 26842916222D9AF000F7A1C0 /* DiscoverMovieJSON.swift */; };
		26842927222DA9F900F7A1C0 /* AddMovieVC.swift in Sources */ = {isa = PBXBuildFile; fileRef = 26842926222DA9F900F7A1C0 /* AddMovieVC.swift */; };
		26842929222DAA4500F7A1C0 /* AddMovieVCRouter.swift in Sources */ = {isa = PBXBuildFile; fileRef = 26842928222DAA4500F7A1C0 /* AddMovieVCRouter.swift */; };
		2684292B222DAAF400F7A1C0 /* AddMovieVCPresenter.swift in Sources */ = {isa = PBXBuildFile; fileRef = 2684292A222DAAF400F7A1C0 /* AddMovieVCPresenter.swift */; };
		2684292D222DAB7B00F7A1C0 /* AddMovieVC + PresenterDelegate.swift in Sources */ = {isa = PBXBuildFile; fileRef = 2684292C222DAB7B00F7A1C0 /* AddMovieVC + PresenterDelegate.swift */; };
		26F1C18F222DC9EF006E66BF /* ImagePickerButton.swift in Sources */ = {isa = PBXBuildFile; fileRef = 26F1C18E222DC9EF006E66BF /* ImagePickerButton.swift */; };
		26F1C191222DD020006E66BF /* AddMovieVC+ImagePickerDelegate.swift in Sources */ = {isa = PBXBuildFile; fileRef = 26F1C190222DD020006E66BF /* AddMovieVC+ImagePickerDelegate.swift */; };
		26F1C193222DD883006E66BF /* PlaceHolderTextView.swift in Sources */ = {isa = PBXBuildFile; fileRef = 26F1C192222DD883006E66BF /* PlaceHolderTextView.swift */; };
		26F1C199222DF1CD006E66BF /* OfflineMovie.swift in Sources */ = {isa = PBXBuildFile; fileRef = 26F1C198222DF1CD006E66BF /* OfflineMovie.swift */; };
/* End PBXBuildFile section */

/* Begin PBXFileReference section */
		268428DC222AE94500F7A1C0 /* Movies.app */ = {isa = PBXFileReference; explicitFileType = wrapper.application; includeInIndex = 0; path = Movies.app; sourceTree = BUILT_PRODUCTS_DIR; };
		268428DF222AE94500F7A1C0 /* AppDelegate.swift */ = {isa = PBXFileReference; lastKnownFileType = sourcecode.swift; path = AppDelegate.swift; sourceTree = "<group>"; };
		268428E1222AE94500F7A1C0 /* MoviesVC.swift */ = {isa = PBXFileReference; lastKnownFileType = sourcecode.swift; path = MoviesVC.swift; sourceTree = "<group>"; };
		268428E4222AE94500F7A1C0 /* Base */ = {isa = PBXFileReference; lastKnownFileType = file.storyboard; name = Base; path = Base.lproj/Main.storyboard; sourceTree = "<group>"; };
		268428E6222AE94600F7A1C0 /* Assets.xcassets */ = {isa = PBXFileReference; lastKnownFileType = folder.assetcatalog; path = Assets.xcassets; sourceTree = "<group>"; };
		268428E9222AE94600F7A1C0 /* Base */ = {isa = PBXFileReference; lastKnownFileType = file.storyboard; name = Base; path = Base.lproj/LaunchScreen.storyboard; sourceTree = "<group>"; };
		268428EB222AE94600F7A1C0 /* Info.plist */ = {isa = PBXFileReference; lastKnownFileType = text.plist.xml; path = Info.plist; sourceTree = "<group>"; };
		268428F1222AECC300F7A1C0 /* MovieTVC.xib */ = {isa = PBXFileReference; fileEncoding = 4; lastKnownFileType = file.xib; path = MovieTVC.xib; sourceTree = "<group>"; };
		268428F2222AECC400F7A1C0 /* MovieTVC.swift */ = {isa = PBXFileReference; fileEncoding = 4; lastKnownFileType = sourcecode.swift; path = MovieTVC.swift; sourceTree = "<group>"; };
		268428FB222AF43E00F7A1C0 /* MoviesVC+TableView.swift */ = {isa = PBXFileReference; lastKnownFileType = sourcecode.swift; path = "MoviesVC+TableView.swift"; sourceTree = "<group>"; };
		268428FF222C163400F7A1C0 /* Webservice.swift */ = {isa = PBXFileReference; fileEncoding = 4; lastKnownFileType = sourcecode.swift; path = Webservice.swift; sourceTree = "<group>"; };
		26842903222C188C00F7A1C0 /* MoviesInteractor.swift */ = {isa = PBXFileReference; lastKnownFileType = sourcecode.swift; path = MoviesInteractor.swift; sourceTree = "<group>"; };
		26842905222C194B00F7A1C0 /* Constant.swift */ = {isa = PBXFileReference; fileEncoding = 4; lastKnownFileType = sourcecode.swift; path = Constant.swift; sourceTree = "<group>"; };
		26842907222C201C00F7A1C0 /* MoviesVCPresenter.swift */ = {isa = PBXFileReference; lastKnownFileType = sourcecode.swift; path = MoviesVCPresenter.swift; sourceTree = "<group>"; };
		26842909222C21D100F7A1C0 /* MoviesVC+PresenterDelegate.swift */ = {isa = PBXFileReference; lastKnownFileType = sourcecode.swift; path = "MoviesVC+PresenterDelegate.swift"; sourceTree = "<group>"; };
		2684290B222C27EC00F7A1C0 /* MovieTVC+PresenterDelegate.swift */ = {isa = PBXFileReference; lastKnownFileType = sourcecode.swift; path = "MovieTVC+PresenterDelegate.swift"; sourceTree = "<group>"; };
		2684290D222C311900F7A1C0 /* MoviesVCRouter.swift */ = {isa = PBXFileReference; fileEncoding = 4; lastKnownFileType = sourcecode.swift; path = MoviesVCRouter.swift; sourceTree = "<group>"; };
		26842914222D994D00F7A1C0 /* Movie.swift */ = {isa = PBXFileReference; lastKnownFileType = sourcecode.swift; path = Movie.swift; sourceTree = "<group>"; };
		26842916222D9AF000F7A1C0 /* DiscoverMovieJSON.swift */ = {isa = PBXFileReference; lastKnownFileType = sourcecode.swift; path = DiscoverMovieJSON.swift; sourceTree = "<group>"; };
		26842926222DA9F900F7A1C0 /* AddMovieVC.swift */ = {isa = PBXFileReference; lastKnownFileType = sourcecode.swift; path = AddMovieVC.swift; sourceTree = "<group>"; };
		26842928222DAA4500F7A1C0 /* AddMovieVCRouter.swift */ = {isa = PBXFileReference; lastKnownFileType = sourcecode.swift; path = AddMovieVCRouter.swift; sourceTree = "<group>"; };
		2684292A222DAAF400F7A1C0 /* AddMovieVCPresenter.swift */ = {isa = PBXFileReference; lastKnownFileType = sourcecode.swift; path = AddMovieVCPresenter.swift; sourceTree = "<group>"; };
		2684292C222DAB7B00F7A1C0 /* AddMovieVC + PresenterDelegate.swift */ = {isa = PBXFileReference; lastKnownFileType = sourcecode.swift; path = "AddMovieVC + PresenterDelegate.swift"; sourceTree = "<group>"; };
		26F1C18E222DC9EF006E66BF /* ImagePickerButton.swift */ = {isa = PBXFileReference; fileEncoding = 4; lastKnownFileType = sourcecode.swift; path = ImagePickerButton.swift; sourceTree = "<group>"; };
		26F1C190222DD020006E66BF /* AddMovieVC+ImagePickerDelegate.swift */ = {isa = PBXFileReference; lastKnownFileType = sourcecode.swift; path = "AddMovieVC+ImagePickerDelegate.swift"; sourceTree = "<group>"; };
		26F1C192222DD883006E66BF /* PlaceHolderTextView.swift */ = {isa = PBXFileReference; fileEncoding = 4; lastKnownFileType = sourcecode.swift; path = PlaceHolderTextView.swift; sourceTree = "<group>"; };
		26F1C198222DF1CD006E66BF /* OfflineMovie.swift */ = {isa = PBXFileReference; lastKnownFileType = sourcecode.swift; path = OfflineMovie.swift; sourceTree = "<group>"; };
/* End PBXFileReference section */

/* Begin PBXFrameworksBuildPhase section */
		268428D9222AE94500F7A1C0 /* Frameworks */ = {
			isa = PBXFrameworksBuildPhase;
			buildActionMask = 2147483647;
			files = (
			);
			runOnlyForDeploymentPostprocessing = 0;
		};
/* End PBXFrameworksBuildPhase section */

/* Begin PBXGroup section */
		268428D3222AE94500F7A1C0 = {
			isa = PBXGroup;
			children = (
				268428DE222AE94500F7A1C0 /* Movies */,
				268428DD222AE94500F7A1C0 /* Products */,
			);
			sourceTree = "<group>";
		};
		268428DD222AE94500F7A1C0 /* Products */ = {
			isa = PBXGroup;
			children = (
				268428DC222AE94500F7A1C0 /* Movies.app */,
			);
			name = Products;
			sourceTree = "<group>";
		};
		268428DE222AE94500F7A1C0 /* Movies */ = {
			isa = PBXGroup;
			children = (
				268428FA222AF34900F7A1C0 /* Scenes */,
				268428F9222AF34100F7A1C0 /* Core */,
				268428F8222AF33700F7A1C0 /* Resources */,
				268428F6222AF31A00F7A1C0 /* Storyboards & xibs */,
				268428F5222AF30800F7A1C0 /* Model */,
				268428EB222AE94600F7A1C0 /* Info.plist */,
			);
			path = Movies;
			sourceTree = "<group>";
		};
		268428F5222AF30800F7A1C0 /* Model */ = {
			isa = PBXGroup;
			children = (
				268428FF222C163400F7A1C0 /* Webservice.swift */,
				26842905222C194B00F7A1C0 /* Constant.swift */,
				26842914222D994D00F7A1C0 /* Movie.swift */,
				26F1C198222DF1CD006E66BF /* OfflineMovie.swift */,
				26842916222D9AF000F7A1C0 /* DiscoverMovieJSON.swift */,
			);
			path = Model;
			sourceTree = "<group>";
		};
		268428F6222AF31A00F7A1C0 /* Storyboards & xibs */ = {
			isa = PBXGroup;
			children = (
				268428E3222AE94500F7A1C0 /* Main.storyboard */,
			);
			path = "Storyboards & xibs";
			sourceTree = "<group>";
		};
		268428F8222AF33700F7A1C0 /* Resources */ = {
			isa = PBXGroup;
			children = (
				268428E6222AE94600F7A1C0 /* Assets.xcassets */,
				268428E8222AE94600F7A1C0 /* LaunchScreen.storyboard */,
			);
			path = Resources;
			sourceTree = "<group>";
		};
		268428F9222AF34100F7A1C0 /* Core */ = {
			isa = PBXGroup;
			children = (
				268428DF222AE94500F7A1C0 /* AppDelegate.swift */,
			);
			path = Core;
			sourceTree = "<group>";
		};
		268428FA222AF34900F7A1C0 /* Scenes */ = {
			isa = PBXGroup;
			children = (
				26F1C18D222DC9E0006E66BF /* views */,
				26842920222DA97D00F7A1C0 /* AddMovie */,
				268428FD222AF4E100F7A1C0 /* Movies */,
			);
			path = Scenes;
			sourceTree = "<group>";
		};
		268428FD222AF4E100F7A1C0 /* Movies */ = {
			isa = PBXGroup;
			children = (
				26842911222C33B800F7A1C0 /* ViewController */,
				2684290F222C338200F7A1C0 /* router */,
				268428FE222AF4F600F7A1C0 /* TableViewCells */,
				26842902222C186100F7A1C0 /* Presenter */,
				26842901222C185300F7A1C0 /* Interactor */,
			);
			path = Movies;
			sourceTree = "<group>";
		};
		268428FE222AF4F600F7A1C0 /* TableViewCells */ = {
			isa = PBXGroup;
			children = (
				2684290B222C27EC00F7A1C0 /* MovieTVC+PresenterDelegate.swift */,
				268428F2222AECC400F7A1C0 /* MovieTVC.swift */,
				268428F1222AECC300F7A1C0 /* MovieTVC.xib */,
			);
			path = TableViewCells;
			sourceTree = "<group>";
		};
		26842901222C185300F7A1C0 /* Interactor */ = {
			isa = PBXGroup;
			children = (
				26842903222C188C00F7A1C0 /* MoviesInteractor.swift */,
			);
			path = Interactor;
			sourceTree = "<group>";
		};
		26842902222C186100F7A1C0 /* Presenter */ = {
			isa = PBXGroup;
			children = (
				26842907222C201C00F7A1C0 /* MoviesVCPresenter.swift */,
			);
			path = Presenter;
			sourceTree = "<group>";
		};
		2684290F222C338200F7A1C0 /* router */ = {
			isa = PBXGroup;
			children = (
				2684290D222C311900F7A1C0 /* MoviesVCRouter.swift */,
			);
			path = router;
			sourceTree = "<group>";
		};
		26842911222C33B800F7A1C0 /* ViewController */ = {
			isa = PBXGroup;
			children = (
				268428E1222AE94500F7A1C0 /* MoviesVC.swift */,
				268428FB222AF43E00F7A1C0 /* MoviesVC+TableView.swift */,
				26842909222C21D100F7A1C0 /* MoviesVC+PresenterDelegate.swift */,
			);
			path = ViewController;
			sourceTree = "<group>";
		};
		26842920222DA97D00F7A1C0 /* AddMovie */ = {
			isa = PBXGroup;
			children = (
				26842922222DA99B00F7A1C0 /* ViewController */,
				26842923222DA9AA00F7A1C0 /* router */,
				26842925222DA9CE00F7A1C0 /* Presenter */,
			);
			path = AddMovie;
			sourceTree = "<group>";
		};
		26842922222DA99B00F7A1C0 /* ViewController */ = {
			isa = PBXGroup;
			children = (
				26842926222DA9F900F7A1C0 /* AddMovieVC.swift */,
				2684292C222DAB7B00F7A1C0 /* AddMovieVC + PresenterDelegate.swift */,
				26F1C190222DD020006E66BF /* AddMovieVC+ImagePickerDelegate.swift */,
			);
			path = ViewController;
			sourceTree = "<group>";
		};
		26842923222DA9AA00F7A1C0 /* router */ = {
			isa = PBXGroup;
			children = (
				26842928222DAA4500F7A1C0 /* AddMovieVCRouter.swift */,
			);
			path = router;
			sourceTree = "<group>";
		};
		26842925222DA9CE00F7A1C0 /* Presenter */ = {
			isa = PBXGroup;
			children = (
				2684292A222DAAF400F7A1C0 /* AddMovieVCPresenter.swift */,
			);
			path = Presenter;
			sourceTree = "<group>";
		};
		26F1C18D222DC9E0006E66BF /* views */ = {
			isa = PBXGroup;
			children = (
				26F1C18E222DC9EF006E66BF /* ImagePickerButton.swift */,
				26F1C192222DD883006E66BF /* PlaceHolderTextView.swift */,
			);
			path = views;
			sourceTree = "<group>";
		};
/* End PBXGroup section */

/* Begin PBXNativeTarget section */
		268428DB222AE94500F7A1C0 /* Movies */ = {
			isa = PBXNativeTarget;
			buildConfigurationList = 268428EE222AE94600F7A1C0 /* Build configuration list for PBXNativeTarget "Movies" */;
			buildPhases = (
				268428D8222AE94500F7A1C0 /* Sources */,
				268428D9222AE94500F7A1C0 /* Frameworks */,
				268428DA222AE94500F7A1C0 /* Resources */,
			);
			buildRules = (
			);
			dependencies = (
			);
			name = Movies;
			productName = Movies;
			productReference = 268428DC222AE94500F7A1C0 /* Movies.app */;
			productType = "com.apple.product-type.application";
		};
/* End PBXNativeTarget section */

/* Begin PBXProject section */
		268428D4222AE94500F7A1C0 /* Project object */ = {
			isa = PBXProject;
			attributes = {
				LastSwiftUpdateCheck = 1010;
				LastUpgradeCheck = 1010;
				ORGANIZATIONNAME = "Mahmoud Omara";
				TargetAttributes = {
					268428DB222AE94500F7A1C0 = {
						CreatedOnToolsVersion = 10.1;
					};
				};
			};
			buildConfigurationList = 268428D7222AE94500F7A1C0 /* Build configuration list for PBXProject "Movies" */;
			compatibilityVersion = "Xcode 9.3";
			developmentRegion = en;
			hasScannedForEncodings = 0;
			knownRegions = (
				en,
				Base,
			);
			mainGroup = 268428D3222AE94500F7A1C0;
			productRefGroup = 268428DD222AE94500F7A1C0 /* Products */;
			projectDirPath = "";
			projectRoot = "";
			targets = (
				268428DB222AE94500F7A1C0 /* Movies */,
			);
		};
/* End PBXProject section */

/* Begin PBXResourcesBuildPhase section */
		268428DA222AE94500F7A1C0 /* Resources */ = {
			isa = PBXResourcesBuildPhase;
			buildActionMask = 2147483647;
			files = (
				268428EA222AE94600F7A1C0 /* LaunchScreen.storyboard in Resources */,
				268428E7222AE94600F7A1C0 /* Assets.xcassets in Resources */,
				268428F3222AECC400F7A1C0 /* MovieTVC.xib in Resources */,
				268428E5222AE94500F7A1C0 /* Main.storyboard in Resources */,
			);
			runOnlyForDeploymentPostprocessing = 0;
		};
/* End PBXResourcesBuildPhase section */

/* Begin PBXSourcesBuildPhase section */
		268428D8222AE94500F7A1C0 /* Sources */ = {
			isa = PBXSourcesBuildPhase;
			buildActionMask = 2147483647;
			files = (
				26842917222D9AF000F7A1C0 /* DiscoverMovieJSON.swift in Sources */,
				26842906222C194B00F7A1C0 /* Constant.swift in Sources */,
				26842929222DAA4500F7A1C0 /* AddMovieVCRouter.swift in Sources */,
				268428E2222AE94500F7A1C0 /* MoviesVC.swift in Sources */,
				26842915222D994D00F7A1C0 /* Movie.swift in Sources */,
				26F1C191222DD020006E66BF /* AddMovieVC+ImagePickerDelegate.swift in Sources */,
				26F1C193222DD883006E66BF /* PlaceHolderTextView.swift in Sources */,
				26F1C18F222DC9EF006E66BF /* ImagePickerButton.swift in Sources */,
				26F1C199222DF1CD006E66BF /* OfflineMovie.swift in Sources */,
				26842904222C188C00F7A1C0 /* MoviesInteractor.swift in Sources */,
				2684290E222C311900F7A1C0 /* MoviesVCRouter.swift in Sources */,
				268428FC222AF43E00F7A1C0 /* MoviesVC+TableView.swift in Sources */,
				2684290C222C27EC00F7A1C0 /* MovieTVC+PresenterDelegate.swift in Sources */,
				268428E0222AE94500F7A1C0 /* AppDelegate.swift in Sources */,
				2684292D222DAB7B00F7A1C0 /* AddMovieVC + PresenterDelegate.swift in Sources */,
				26842900222C163400F7A1C0 /* Webservice.swift in Sources */,
				26842908222C201C00F7A1C0 /* MoviesVCPresenter.swift in Sources */,
				26842927222DA9F900F7A1C0 /* AddMovieVC.swift in Sources */,
				2684290A222C21D100F7A1C0 /* MoviesVC+PresenterDelegate.swift in Sources */,
				2684292B222DAAF400F7A1C0 /* AddMovieVCPresenter.swift in Sources */,
				268428F4222AECC400F7A1C0 /* MovieTVC.swift in Sources */,
			);
			runOnlyForDeploymentPostprocessing = 0;
		};
/* End PBXSourcesBuildPhase section */

/* Begin PBXVariantGroup section */
		268428E3222AE94500F7A1C0 /* Main.storyboard */ = {
			isa = PBXVariantGroup;
			children = (
				268428E4222AE94500F7A1C0 /* Base */,
			);
			name = Main.storyboard;
			sourceTree = "<group>";
		};
		268428E8222AE94600F7A1C0 /* LaunchScreen.storyboard */ = {
			isa = PBXVariantGroup;
			children = (
				268428E9222AE94600F7A1C0 /* Base */,
			);
			name = LaunchScreen.storyboard;
			sourceTree = "<group>";
		};
/* End PBXVariantGroup section */

/* Begin XCBuildConfiguration section */
		268428EC222AE94600F7A1C0 /* Debug */ = {
			isa = XCBuildConfiguration;
			buildSettings = {
				ALWAYS_SEARCH_USER_PATHS = NO;
				CLANG_ANALYZER_NONNULL = YES;
				CLANG_ANALYZER_NUMBER_OBJECT_CONVERSION = YES_AGGRESSIVE;
				CLANG_CXX_LANGUAGE_STANDARD = "gnu++14";
				CLANG_CXX_LIBRARY = "libc++";
				CLANG_ENABLE_MODULES = YES;
				CLANG_ENABLE_OBJC_ARC = YES;
				CLANG_ENABLE_OBJC_WEAK = YES;
				CLANG_WARN_BLOCK_CAPTURE_AUTORELEASING = YES;
				CLANG_WARN_BOOL_CONVERSION = YES;
				CLANG_WARN_COMMA = YES;
				CLANG_WARN_CONSTANT_CONVERSION = YES;
				CLANG_WARN_DEPRECATED_OBJC_IMPLEMENTATIONS = YES;
				CLANG_WARN_DIRECT_OBJC_ISA_USAGE = YES_ERROR;
				CLANG_WARN_DOCUMENTATION_COMMENTS = YES;
				CLANG_WARN_EMPTY_BODY = YES;
				CLANG_WARN_ENUM_CONVERSION = YES;
				CLANG_WARN_INFINITE_RECURSION = YES;
				CLANG_WARN_INT_CONVERSION = YES;
				CLANG_WARN_NON_LITERAL_NULL_CONVERSION = YES;
				CLANG_WARN_OBJC_IMPLICIT_RETAIN_SELF = YES;
				CLANG_WARN_OBJC_LITERAL_CONVERSION = YES;
				CLANG_WARN_OBJC_ROOT_CLASS = YES_ERROR;
				CLANG_WARN_RANGE_LOOP_ANALYSIS = YES;
				CLANG_WARN_STRICT_PROTOTYPES = YES;
				CLANG_WARN_SUSPICIOUS_MOVE = YES;
				CLANG_WARN_UNGUARDED_AVAILABILITY = YES_AGGRESSIVE;
				CLANG_WARN_UNREACHABLE_CODE = YES;
				CLANG_WARN__DUPLICATE_METHOD_MATCH = YES;
				CODE_SIGN_IDENTITY = "iPhone Developer";
				COPY_PHASE_STRIP = NO;
				DEBUG_INFORMATION_FORMAT = dwarf;
				ENABLE_STRICT_OBJC_MSGSEND = YES;
				ENABLE_TESTABILITY = YES;
				GCC_C_LANGUAGE_STANDARD = gnu11;
				GCC_DYNAMIC_NO_PIC = NO;
				GCC_NO_COMMON_BLOCKS = YES;
				GCC_OPTIMIZATION_LEVEL = 0;
				GCC_PREPROCESSOR_DEFINITIONS = (
					"DEBUG=1",
					"$(inherited)",
				);
				GCC_WARN_64_TO_32_BIT_CONVERSION = YES;
				GCC_WARN_ABOUT_RETURN_TYPE = YES_ERROR;
				GCC_WARN_UNDECLARED_SELECTOR = YES;
				GCC_WARN_UNINITIALIZED_AUTOS = YES_AGGRESSIVE;
				GCC_WARN_UNUSED_FUNCTION = YES;
				GCC_WARN_UNUSED_VARIABLE = YES;
				IPHONEOS_DEPLOYMENT_TARGET = 12.1;
				MTL_ENABLE_DEBUG_INFO = INCLUDE_SOURCE;
				MTL_FAST_MATH = YES;
				ONLY_ACTIVE_ARCH = YES;
				SDKROOT = iphoneos;
				SWIFT_ACTIVE_COMPILATION_CONDITIONS = DEBUG;
				SWIFT_OPTIMIZATION_LEVEL = "-Onone";
			};
			name = Debug;
		};
		268428ED222AE94600F7A1C0 /* Release */ = {
			isa = XCBuildConfiguration;
			buildSettings = {
				ALWAYS_SEARCH_USER_PATHS = NO;
				CLANG_ANALYZER_NONNULL = YES;
				CLANG_ANALYZER_NUMBER_OBJECT_CONVERSION = YES_AGGRESSIVE;
				CLANG_CXX_LANGUAGE_STANDARD = "gnu++14";
				CLANG_CXX_LIBRARY = "libc++";
				CLANG_ENABLE_MODULES = YES;
				CLANG_ENABLE_OBJC_ARC = YES;
				CLANG_ENABLE_OBJC_WEAK = YES;
				CLANG_WARN_BLOCK_CAPTURE_AUTORELEASING = YES;
				CLANG_WARN_BOOL_CONVERSION = YES;
				CLANG_WARN_COMMA = YES;
				CLANG_WARN_CONSTANT_CONVERSION = YES;
				CLANG_WARN_DEPRECATED_OBJC_IMPLEMENTATIONS = YES;
				CLANG_WARN_DIRECT_OBJC_ISA_USAGE = YES_ERROR;
				CLANG_WARN_DOCUMENTATION_COMMENTS = YES;
				CLANG_WARN_EMPTY_BODY = YES;
				CLANG_WARN_ENUM_CONVERSION = YES;
				CLANG_WARN_INFINITE_RECURSION = YES;
				CLANG_WARN_INT_CONVERSION = YES;
				CLANG_WARN_NON_LITERAL_NULL_CONVERSION = YES;
				CLANG_WARN_OBJC_IMPLICIT_RETAIN_SELF = YES;
				CLANG_WARN_OBJC_LITERAL_CONVERSION = YES;
				CLANG_WARN_OBJC_ROOT_CLASS = YES_ERROR;
				CLANG_WARN_RANGE_LOOP_ANALYSIS = YES;
				CLANG_WARN_STRICT_PROTOTYPES = YES;
				CLANG_WARN_SUSPICIOUS_MOVE = YES;
				CLANG_WARN_UNGUARDED_AVAILABILITY = YES_AGGRESSIVE;
				CLANG_WARN_UNREACHABLE_CODE = YES;
				CLANG_WARN__DUPLICATE_METHOD_MATCH = YES;
				CODE_SIGN_IDENTITY = "iPhone Developer";
				COPY_PHASE_STRIP = NO;
				DEBUG_INFORMATION_FORMAT = "dwarf-with-dsym";
				ENABLE_NS_ASSERTIONS = NO;
				ENABLE_STRICT_OBJC_MSGSEND = YES;
				GCC_C_LANGUAGE_STANDARD = gnu11;
				GCC_NO_COMMON_BLOCKS = YES;
				GCC_WARN_64_TO_32_BIT_CONVERSION = YES;
				GCC_WARN_ABOUT_RETURN_TYPE = YES_ERROR;
				GCC_WARN_UNDECLARED_SELECTOR = YES;
				GCC_WARN_UNINITIALIZED_AUTOS = YES_AGGRESSIVE;
				GCC_WARN_UNUSED_FUNCTION = YES;
				GCC_WARN_UNUSED_VARIABLE = YES;
				IPHONEOS_DEPLOYMENT_TARGET = 12.1;
				MTL_ENABLE_DEBUG_INFO = NO;
				MTL_FAST_MATH = YES;
				SDKROOT = iphoneos;
				SWIFT_COMPILATION_MODE = wholemodule;
				SWIFT_OPTIMIZATION_LEVEL = "-O";
				VALIDATE_PRODUCT = YES;
			};
			name = Release;
		};
		268428EF222AE94600F7A1C0 /* Debug */ = {
			isa = XCBuildConfiguration;
			buildSettings = {
				ASSETCATALOG_COMPILER_APPICON_NAME = AppIcon;
				CODE_SIGN_STYLE = Automatic;
				DEVELOPMENT_TEAM = 3CTEDJ84N8;
				INFOPLIST_FILE = Movies/Info.plist;
				LD_RUNPATH_SEARCH_PATHS = (
					"$(inherited)",
					"@executable_path/Frameworks",
				);
				PRODUCT_BUNDLE_IDENTIFIER = com.Movies.Movies;
				PRODUCT_NAME = "$(TARGET_NAME)";
				SWIFT_VERSION = 4.2;
				TARGETED_DEVICE_FAMILY = "1,2";
			};
			name = Debug;
		};
		268428F0222AE94600F7A1C0 /* Release */ = {
			isa = XCBuildConfiguration;
			buildSettings = {
				ASSETCATALOG_COMPILER_APPICON_NAME = AppIcon;
				CODE_SIGN_STYLE = Automatic;
				DEVELOPMENT_TEAM = 3CTEDJ84N8;
				INFOPLIST_FILE = Movies/Info.plist;
				LD_RUNPATH_SEARCH_PATHS = (
					"$(inherited)",
					"@executable_path/Frameworks",
				);
				PRODUCT_BUNDLE_IDENTIFIER = com.Movies.Movies;
				PRODUCT_NAME = "$(TARGET_NAME)";
				SWIFT_VERSION = 4.2;
				TARGETED_DEVICE_FAMILY = "1,2";
			};
			name = Release;
		};
/* End XCBuildConfiguration section */

/* Begin XCConfigurationList section */
		268428D7222AE94500F7A1C0 /* Build configuration list for PBXProject "Movies" */ = {
			isa = XCConfigurationList;
			buildConfigurations = (
				268428EC222AE94600F7A1C0 /* Debug */,
				268428ED222AE94600F7A1C0 /* Release */,
			);
			defaultConfigurationIsVisible = 0;
			defaultConfigurationName = Release;
		};
		268428EE222AE94600F7A1C0 /* Build configuration list for PBXNativeTarget "Movies" */ = {
			isa = XCConfigurationList;
			buildConfigurations = (
				268428EF222AE94600F7A1C0 /* Debug */,
				268428F0222AE94600F7A1C0 /* Release */,
			);
			defaultConfigurationIsVisible = 0;
			defaultConfigurationName = Release;
		};
/* End XCConfigurationList section */
	};
	rootObject = 268428D4222AE94500F7A1C0 /* Project object */;
}
